
Microsoft Visual Studio Solution File, Format Version 12.00
# Visual Studio Version 16
VisualStudioVersion = 16.0.31911.196
MinimumVisualStudioVersion = 10.0.40219.1
Project("{FAE04EC0-301F-11D3-BF4B-00C04F79EFBC}") = "OOPLab6", "OOPLab6\OOPLab6.csproj", "{67757C28-A93D-4E2E-A168-E51A6621B866}"
EndProject
Global
	GlobalSection(SolutionConfigurationPlatforms) = preSolution
		Debug|Any CPU = Debug|Any CPU
		Release|Any CPU = Release|Any CPU
	EndGlobalSection
	GlobalSection(ProjectConfigurationPlatforms) = postSolution
		{67757C28-A93D-4E2E-A168-E51A6621B866}.Debug|Any CPU.ActiveCfg = Debug|Any CPU
		{67757C28-A93D-4E2E-A168-E51A6621B866}.Debug|Any CPU.Build.0 = Debug|Any CPU
		{67757C28-A93D-4E2E-A168-E51A6621B866}.Release|Any CPU.ActiveCfg = Release|Any CPU
		{67757C28-A93D-4E2E-A168-E51A6621B866}.Release|Any CPU.Build.0 = Release|Any CPU
	EndGlobalSection
	GlobalSection(SolutionProperties) = preSolution
		HideSolutionNode = FALSE
	EndGlobalSection
	GlobalSection(ExtensibilityGlobals) = postSolution
		SolutionGuid = {5D59EC13-02E8-419D-B91A-D70A4FCCF7BC}
	EndGlobalSection
EndGlobal
